<?xml version="1.0" encoding="UTF-8" standalone="yes" ?>
<CodeBlocks_project_file>
	<FileVersion major="1" minor="6" />
	<Project>
		<Option title="vapoursynth-editor" />
		<Option makefile_is_custom="1" />
		<Option execution_dir="./pro/" />
		<Option pch_mode="2" />
		<Option compiler="gcc" />
		<MakeCommands>
			<Build command="$make -f $makefile $target" />
			<CompileFile command="$make -f $makefile $file" />
			<Clean command="$make -f $makefile clean" />
			<DistClean command="$make -f $makefile distclean$target" />
			<AskRebuildNeeded command="$make -q -f $makefile $target" />
			<SilentBuild command="$make -f $makefile $target &gt; $(CMD_NULL)" />
		</MakeCommands>
		<Build>
			<Target title="debug-64bit-gcc">
				<Option output="build/debug-64bit-gcc/vsedit-debug-64bit-gcc" prefix_auto="1" extension_auto="1" />
				<Option object_output="obj/Debug/" />
				<Option type="0" />
				<Option compiler="gcc" />
				<Compiler>
					<Add option="-g" />
					<Add directory="src" />
					<Add directory="src/scripteditor" />
					<Add directory="src/preview" />
					<Add directory="src/vapoursynth" />
				</Compiler>
				<ExtraCommands>
					<Add before="${qt5binpath}qmake -norecursive pro.pro CONFIG+=debug" />
				</ExtraCommands>
				<MakeCommands>
					<Build command="$make -f $makefile debug" />
					<CompileFile command="$make -f $makefile $file" />
					<Clean command="$make -f $makefile clean" />
					<DistClean command="$make -f $makefile distclean$target" />
					<AskRebuildNeeded command="$make -q -f $makefile debug" />
					<SilentBuild command="$make -f $makefile debug &gt; $(CMD_NULL)" />
				</MakeCommands>
			</Target>
			<Target title="release-64bit-gcc">
				<Option output="build/release-64bit-gcc/vsedit" prefix_auto="1" extension_auto="1" />
				<Option object_output="obj/Release/" />
				<Option type="0" />
				<Option compiler="gcc" />
				<Compiler>
					<Add option="-O2" />
					<Add directory="src" />
					<Add directory="src/scripteditor" />
					<Add directory="src/preview" />
					<Add directory="src/vapoursynth" />
				</Compiler>
				<Linker>
					<Add option="-s" />
				</Linker>
				<ExtraCommands>
					<Add before="${qt5binpath}qmake -norecursive pro.pro CONFIG+=release" />
				</ExtraCommands>
				<MakeCommands>
					<Build command="$make -f $makefile release" />
					<CompileFile command="$make -f $makefile $file" />
					<Clean command="$make -f $makefile clean" />
					<DistClean command="$make -f $makefile distclean$target" />
					<AskRebuildNeeded command="$make -q -f $makefile release" />
					<SilentBuild command="$make -f $makefile release &gt; $(CMD_NULL)" />
				</MakeCommands>
			</Target>
			<Target title="debug-32bit-gcc">
				<Option output="build/debug-32bit-gcc/vsedit-debug-32bit-gcc" prefix_auto="1" extension_auto="1" />
				<Option object_output="obj/Debug/" />
				<Option type="0" />
				<Option compiler="mingw_32bit" />
				<Compiler>
					<Add option="-g" />
					<Add directory="src" />
					<Add directory="src/scripteditor" />
					<Add directory="src/preview" />
					<Add directory="src/vapoursynth" />
				</Compiler>
				<ExtraCommands>
					<Add before="${qt5binpath}qmake -norecursive pro.pro CONFIG+=debug" />
				</ExtraCommands>
				<MakeCommands>
					<Build command="$make -f $makefile debug" />
					<CompileFile command="$make -f $makefile $file" />
					<Clean command="$make -f $makefile clean" />
					<DistClean command="$make -f $makefile distclean$target" />
					<AskRebuildNeeded command="$make -q -f $makefile debug" />
					<SilentBuild command="$make -f $makefile debug &gt; $(CMD_NULL)" />
				</MakeCommands>
			</Target>
			<Target title="release-32bit-gcc">
				<Option output="build/release-32bit-gcc/vsedit-32bit" prefix_auto="1" extension_auto="1" />
				<Option object_output="obj/Release/" />
				<Option type="0" />
				<Option compiler="mingw_32bit" />
				<Compiler>
					<Add option="-O2" />
					<Add directory="src" />
					<Add directory="src/scripteditor" />
					<Add directory="src/preview" />
					<Add directory="src/vapoursynth" />
				</Compiler>
				<Linker>
					<Add option="-s" />
				</Linker>
				<ExtraCommands>
					<Add before="${qt5binpath}qmake -norecursive pro.pro CONFIG+=release" />
				</ExtraCommands>
				<MakeCommands>
					<Build command="$make -f $makefile release" />
					<CompileFile command="$make -f $makefile $file" />
					<Clean command="$make -f $makefile clean" />
					<DistClean command="$make -f $makefile distclean$target" />
					<AskRebuildNeeded command="$make -q -f $makefile release" />
					<SilentBuild command="$make -f $makefile release &gt; $(CMD_NULL)" />
				</MakeCommands>
			</Target>
			<Target title="debug-64bit-msvc">
				<Option output="build/debug-64bit-msvc/vsedit-debug-64bit-msvc" prefix_auto="1" extension_auto="1" />
				<Option object_output="obj/Debug/" />
				<Option type="0" />
				<Option compiler="ms_visual_c_14_-_2015_community_64bit" />
				<Compiler>
					<Add option="-g" />
					<Add directory="src" />
					<Add directory="src/scripteditor" />
					<Add directory="src/preview" />
					<Add directory="src/vapoursynth" />
				</Compiler>
				<ExtraCommands>
					<Add before="${qt5binpath}qmake -norecursive pro.pro CONFIG+=debug" />
				</ExtraCommands>
				<MakeCommands>
					<Build command="$make -f $makefile debug" />
					<CompileFile command="$make -f $makefile $file" />
					<Clean command="$make -f $makefile clean" />
					<DistClean command="$make -f $makefile distclean$target" />
					<AskRebuildNeeded command="$make -q -f $makefile debug" />
					<SilentBuild command="$make -f $makefile debug &gt; $(CMD_NULL)" />
				</MakeCommands>
			</Target>
			<Target title="release-64bit-msvc">
				<Option output="build/release-64bit-msvc/vsedit" prefix_auto="1" extension_auto="1" />
				<Option object_output="obj/Release/" />
				<Option type="0" />
				<Option compiler="ms_visual_c_14_-_2015_community_64bit" />
				<Compiler>
					<Add option="-O2" />
					<Add directory="src" />
					<Add directory="src/scripteditor" />
					<Add directory="src/preview" />
					<Add directory="src/vapoursynth" />
				</Compiler>
				<Linker>
					<Add option="-s" />
				</Linker>
				<ExtraCommands>
					<Add before="${qt5binpath}qmake -norecursive pro.pro CONFIG+=release" />
				</ExtraCommands>
				<MakeCommands>
					<Build command="$make -f $makefile release" />
					<CompileFile command="$make -f $makefile $file" />
					<Clean command="$make -f $makefile clean" />
					<DistClean command="$make -f $makefile distclean$target" />
					<AskRebuildNeeded command="$make -q -f $makefile release" />
					<SilentBuild command="$make -f $makefile release &gt; $(CMD_NULL)" />
				</MakeCommands>
			</Target>
			<Target title="debug-32bit-msvc">
				<Option output="build/debug-32bit-msvc/vsedit-debug-32bit-msvc" prefix_auto="1" extension_auto="1" />
				<Option object_output="obj/Debug/" />
				<Option type="0" />
				<Option compiler="ms_visual_c_14_-_2015_community_32bit" />
				<Compiler>
					<Add option="-g" />
					<Add directory="src" />
					<Add directory="src/scripteditor" />
					<Add directory="src/preview" />
					<Add directory="src/vapoursynth" />
				</Compiler>
				<ExtraCommands>
					<Add before="${qt5binpath}qmake -norecursive pro.pro CONFIG+=debug" />
				</ExtraCommands>
				<MakeCommands>
					<Build command="$make -f $makefile debug" />
					<CompileFile command="$make -f $makefile $file" />
					<Clean command="$make -f $makefile clean" />
					<DistClean command="$make -f $makefile distclean$target" />
					<AskRebuildNeeded command="$make -q -f $makefile debug" />
					<SilentBuild command="$make -f $makefile debug &gt; $(CMD_NULL)" />
				</MakeCommands>
			</Target>
			<Target title="release-32bit-msvc">
				<Option output="build/release-32bit-msvc/vsedit-32bit" prefix_auto="1" extension_auto="1" />
				<Option object_output="obj/Release/" />
				<Option type="0" />
				<Option compiler="ms_visual_c_14_-_2015_community_32bit" />
				<Compiler>
					<Add option="-O2" />
					<Add directory="src" />
					<Add directory="src/scripteditor" />
					<Add directory="src/preview" />
					<Add directory="src/vapoursynth" />
				</Compiler>
				<Linker>
					<Add option="-s" />
				</Linker>
				<ExtraCommands>
					<Add before="${qt5binpath}qmake -norecursive pro.pro CONFIG+=release" />
				</ExtraCommands>
				<MakeCommands>
					<Build command="$make -f $makefile release" />
					<CompileFile command="$make -f $makefile $file" />
					<Clean command="$make -f $makefile clean" />
					<DistClean command="$make -f $makefile distclean$target" />
					<AskRebuildNeeded command="$make -q -f $makefile release" />
					<SilentBuild command="$make -f $makefile release &gt; $(CMD_NULL)" />
				</MakeCommands>
			</Target>
		</Build>
		<Compiler>
			<Add option="-Wall" />
		</Compiler>
		<Unit filename="BUILDING" />
		<Unit filename="CHANGELOG" />
		<Unit filename="LICENSE" />
		<Unit filename="README" />
		<Unit filename="TODO.txt" />
		<Unit filename="generated/ui/ui_benchmark_dialog.h" />
		<Unit filename="generated/ui/ui_encode_dialog.h" />
		<Unit filename="generated/ui/ui_mainwindow.h" />
		<Unit filename="generated/ui/ui_preview_advanced_settings_dialog.h" />
		<Unit filename="generated/ui/ui_previewdialog.h" />
		<Unit filename="generated/ui/ui_settingsdialog.h" />
		<Unit filename="generated/ui/ui_templates_dialog.h" />
		<Unit filename="pro/local_quirks.pri" />
		<Unit filename="pro/pro.pro" />
		<Unit filename="resources/resources.qrc" />
		<Unit filename="src/common/aligned_vector.h" />
		<Unit filename="src/common/chrono.h" />
		<Unit filename="src/common/helpers.cpp" />
		<Unit filename="src/common/helpers.h" />
		<Unit filename="src/frame_consumers/benchmark_dialog.cpp" />
		<Unit filename="src/frame_consumers/benchmark_dialog.h" />
		<Unit filename="src/frame_consumers/benchmark_dialog.ui" />
		<Unit filename="src/frame_consumers/encode_dialog.cpp" />
		<Unit filename="src/frame_consumers/encode_dialog.h" />
		<Unit filename="src/frame_consumers/encode_dialog.ui" />
		<Unit filename="src/log/styled_log_view.cpp" />
		<Unit filename="src/log/styled_log_view.h" />
		<Unit filename="src/log/vs_editor_log.cpp" />
		<Unit filename="src/log/vs_editor_log.h" />
		<Unit filename="src/main.cpp" />
		<Unit filename="src/main_window.cpp" />
		<Unit filename="src/main_window.h" />
		<Unit filename="src/main_window.ui" />
		<Unit filename="src/preview/preview_advanced_settings_dialog.cpp" />
		<Unit filename="src/preview/preview_advanced_settings_dialog.h" />
		<Unit filename="src/preview/preview_advanced_settings_dialog.ui" />
		<Unit filename="src/preview/preview_area.cpp" />
		<Unit filename="src/preview/preview_area.h" />
		<Unit filename="src/preview/preview_dialog.cpp" />
		<Unit filename="src/preview/preview_dialog.h" />
		<Unit filename="src/preview/preview_dialog.ui" />
		<Unit filename="src/preview/scroll_navigator.cpp" />
		<Unit filename="src/preview/scroll_navigator.h" />
		<Unit filename="src/preview/timeline_slider.cpp" />
		<Unit filename="src/preview/timeline_slider.h" />
		<Unit filename="src/script_editor/number_matcher.cpp" />
		<Unit filename="src/script_editor/number_matcher.h" />
		<Unit filename="src/script_editor/script_completer.cpp" />
		<Unit filename="src/script_editor/script_completer.h" />
		<Unit filename="src/script_editor/script_completer_model.cpp" />
		<Unit filename="src/script_editor/script_completer_model.h" />
		<Unit filename="src/script_editor/script_editor.cpp" />
		<Unit filename="src/script_editor/script_editor.h" />
		<Unit filename="src/script_editor/syntax_highlighter.cpp" />
		<Unit filename="src/script_editor/syntax_highlighter.h" />
		<Unit filename="src/script_templates/drop_file_category_model.cpp" />
		<Unit filename="src/script_templates/drop_file_category_model.h" />
		<Unit filename="src/script_templates/templates_dialog.cpp" />
		<Unit filename="src/script_templates/templates_dialog.h" />
		<Unit filename="src/script_templates/templates_dialog.ui" />
		<Unit filename="src/settings/actions_hotkey_edit_model.cpp" />
		<Unit filename="src/settings/actions_hotkey_edit_model.h" />
		<Unit filename="src/settings/clearable_key_sequence_editor.cpp" />
		<Unit filename="src/settings/clearable_key_sequence_editor.h" />
		<Unit filename="src/settings/item_delegate_for_hotkey.cpp" />
		<Unit filename="src/settings/item_delegate_for_hotkey.h" />
		<Unit filename="src/settings/settings_definitions.cpp" />
		<Unit filename="src/settings/settings_definitions.h" />
		<Unit filename="src/settings/settings_dialog.cpp" />
		<Unit filename="src/settings/settings_dialog.h" />
		<Unit filename="src/settings/settings_dialog.ui" />
		<Unit filename="src/settings/settings_manager.cpp" />
		<Unit filename="src/settings/settings_manager.h" />
		<Unit filename="src/settings/theme_elements_model.cpp" />
		<Unit filename="src/settings/theme_elements_model.h" />
		<Unit filename="src/vapoursynth/vapoursynth_plugins_manager.cpp" />
		<Unit filename="src/vapoursynth/vapoursynth_plugins_manager.h" />
		<Unit filename="src/vapoursynth/vapoursynth_script_processor.cpp" />
		<Unit filename="src/vapoursynth/vapoursynth_script_processor.h" />
		<Unit filename="src/vapoursynth/vs_plugin_data.cpp" />
		<Unit filename="src/vapoursynth/vs_plugin_data.h" />
		<Unit filename="src/vapoursynth/vs_script_library.cpp" />
		<Unit filename="src/vapoursynth/vs_script_library.h" />
		<Unit filename="src/vapoursynth/vs_script_processor_dialog.cpp" />
		<Unit filename="src/vapoursynth/vs_script_processor_dialog.h" />
		<Unit filename="src/vapoursynth/vs_script_processor_structures.cpp" />
		<Unit filename="src/vapoursynth/vs_script_processor_structures.h" />
		<Extensions>
			<code_completion>
				<search_path add="generated/ui" />
				<search_path add="C:\Program Files (x86)\VapourSynth\sdk\include" />
				<search_path add="F:\sdk\zimg\include" />
				<search_path add="F:\sdk\qt-5.7.0-x64-msvc2015\5.7\msvc2015_64\include\QtCore" />
				<search_path add="F:\sdk\qt-5.7.0-x64-msvc2015\5.7\msvc2015_64\include\QtGui" />
				<search_path add="F:\sdk\qt-5.7.0-x64-msvc2015\5.7\msvc2015_64\include\QtWidgets" />
			</code_completion>
			<envvars />
			<debugger>
				<search_path add="src" />
				<search_path add="src/preview" />
				<search_path add="src/scripteditor" />
				<search_path add="src/settings" />
				<remote_debugging target="debug-64bit-gcc">
					<options conn_type="0" serial_baud="115200" additional_cmds_before="set environment PYTHONHOME =&#x0A;set environment PYTHONPATH =" />
				</remote_debugging>
				<remote_debugging target="debug-32bit-gcc">
					<options conn_type="0" serial_baud="115200" additional_cmds_before="set environment PYTHONHOME =&#x0A;set environment PYTHONPATH =" />
				</remote_debugging>
				<remote_debugging target="release-64bit-gcc">
					<options conn_type="0" serial_baud="115200" additional_cmds_before="set environment PYTHONHOME =&#x0A;set environment PYTHONPATH =" />
				</remote_debugging>
				<remote_debugging target="release-32bit-gcc">
					<options conn_type="0" serial_baud="115200" additional_cmds_before="set environment PYTHONHOME =&#x0A;set environment PYTHONPATH =" />
				</remote_debugging>
			</debugger>
			<lib_finder disable_auto="1" />
		</Extensions>
	</Project>
</CodeBlocks_project_file>
