<?xml version="1.0" encoding="utf-8"?>
<Project ToolsVersion="4.0" xmlns="http://schemas.microsoft.com/developer/msbuild/2003">
  <ItemGroup>
    <Filter Include="Source Files">
      <UniqueIdentifier>{4FC737F1-C7A5-4376-A066-2A32D752A2FF}</UniqueIdentifier>
      <Extensions>qml;cpp;c;cc;cxx;def;odl;idl;hpj;bat;asm;asmx</Extensions>
    </Filter>
    <Filter Include="Header Files">
      <UniqueIdentifier>{93995380-89BD-4b04-88EB-625FBE52EBFB}</UniqueIdentifier>
      <Extensions>h;hh;hpp;hxx;hm;inl;inc;xsd</Extensions>
    </Filter>
    <Filter Include="Resource Files">
      <UniqueIdentifier>{67DA6AB6-F800-4c08-8B7A-83BB121AAD01}</UniqueIdentifier>
      <Extensions>qrc;rc;ico;cur;bmp;dlg;rc2;rct;bin;rgs;gif;jpg;jpeg;jpe;resx;tiff;tif;png;wav;mfcribbon-ms</Extensions>
    </Filter>
    <Filter Include="Form Files">
      <UniqueIdentifier>{99349809-55BA-4b9d-BF79-8FDBB0286EB3}</UniqueIdentifier>
      <Extensions>ui</Extensions>
    </Filter>
    <Filter Include="Translation Files">
      <UniqueIdentifier>{639EADAA-A684-42e4-A9AD-28FC9BCB8F7C}</UniqueIdentifier>
      <Extensions>ts</Extensions>
    </Filter>
  </ItemGroup>
  <ItemGroup>
    <QtUic Include="..\..\common-src\log\styled_log_view_settings_dialog.ui">
      <Filter>Form Files</Filter>
    </QtUic>
    <QtUic Include="..\..\vsedit\src\settings\settings_dialog.ui">
      <Filter>Form Files</Filter>
    </QtUic>
    <QtUic Include="..\..\vsedit\src\script_status_bar_widget\script_status_bar_widget.ui">
      <Filter>Form Files</Filter>
    </QtUic>
    <QtUic Include="..\..\vsedit\src\preview\preview_advanced_settings_dialog.ui">
      <Filter>Form Files</Filter>
    </QtUic>
    <QtUic Include="..\..\vsedit\src\preview\preview_dialog.ui">
      <Filter>Form Files</Filter>
    </QtUic>
    <QtUic Include="..\..\vsedit\src\script_templates\templates_dialog.ui">
      <Filter>Form Files</Filter>
    </QtUic>
    <QtUic Include="..\..\vsedit\src\frame_consumers\benchmark_dialog.ui">
      <Filter>Form Files</Filter>
    </QtUic>
    <QtUic Include="..\..\vsedit\src\frame_consumers\encode_dialog.ui">
      <Filter>Form Files</Filter>
    </QtUic>
    <QtUic Include="..\..\vsedit\src\main_window.ui">
      <Filter>Form Files</Filter>
    </QtUic>
  </ItemGroup>
  <ItemGroup>
    <QtMoc Include="..\..\vsedit\src\vapoursynth\vs_script_processor_dialog.h">
      <Filter>Header Files</Filter>
    </QtMoc>
    <QtMoc Include="..\..\vsedit\src\vapoursynth\vapoursynth_plugins_manager.h">
      <Filter>Header Files</Filter>
    </QtMoc>
    <QtMoc Include="..\..\vsedit\src\settings\theme_elements_model.h">
      <Filter>Header Files</Filter>
    </QtMoc>
    <QtMoc Include="..\..\vsedit\src\settings\settings_dialog.h">
      <Filter>Header Files</Filter>
    </QtMoc>
    <QtMoc Include="..\..\vsedit\src\settings\actions_hotkey_edit_model.h">
      <Filter>Header Files</Filter>
    </QtMoc>
    <QtMoc Include="..\..\vsedit\src\settings\clearable_key_sequence_editor.h">
      <Filter>Header Files</Filter>
    </QtMoc>
    <QtMoc Include="..\..\vsedit\src\settings\item_delegate_for_hotkey.h">
      <Filter>Header Files</Filter>
    </QtMoc>
    <QtMoc Include="..\..\vsedit\src\script_templates\drop_file_category_model.h">
      <Filter>Header Files</Filter>
    </QtMoc>
    <QtMoc Include="..\..\vsedit\src\script_templates\templates_dialog.h">
      <Filter>Header Files</Filter>
    </QtMoc>
    <QtMoc Include="..\..\vsedit\src\script_status_bar_widget\script_status_bar_widget.h">
      <Filter>Header Files</Filter>
    </QtMoc>
    <QtMoc Include="..\..\vsedit\src\script_editor\script_editor.h">
      <Filter>Header Files</Filter>
    </QtMoc>
    <QtMoc Include="..\..\vsedit\src\script_editor\syntax_highlighter.h">
      <Filter>Header Files</Filter>
    </QtMoc>
    <QtMoc Include="..\..\vsedit\src\script_editor\script_completer.h">
      <Filter>Header Files</Filter>
    </QtMoc>
    <QtMoc Include="..\..\vsedit\src\script_editor\script_completer_model.h">
      <Filter>Header Files</Filter>
    </QtMoc>
    <QtMoc Include="..\..\vsedit\src\preview\preview_dialog.h">
      <Filter>Header Files</Filter>
    </QtMoc>
    <QtMoc Include="..\..\vsedit\src\preview\preview_area.h">
      <Filter>Header Files</Filter>
    </QtMoc>
    <QtMoc Include="..\..\vsedit\src\preview\preview_advanced_settings_dialog.h">
      <Filter>Header Files</Filter>
    </QtMoc>
    <QtMoc Include="..\..\vsedit\src\main_window.h">
      <Filter>Header Files</Filter>
    </QtMoc>
    <QtMoc Include="..\..\vsedit\src\job_server_watcher_socket.h">
      <Filter>Header Files</Filter>
    </QtMoc>
    <QtMoc Include="..\..\vsedit\src\frame_consumers\encode_dialog.h">
      <Filter>Header Files</Filter>
    </QtMoc>
    <QtMoc Include="..\..\vsedit\src\frame_consumers\benchmark_dialog.h">
      <Filter>Header Files</Filter>
    </QtMoc>
    <QtMoc Include="..\..\common-src\vapoursynth\vapoursynth_script_processor.h">
      <Filter>Header Files</Filter>
    </QtMoc>
    <QtMoc Include="..\..\common-src\vapoursynth\vs_script_library.h">
      <Filter>Header Files</Filter>
    </QtMoc>
    <QtMoc Include="..\..\common-src\timeline_slider\timeline_slider.h">
      <Filter>Header Files</Filter>
    </QtMoc>
    <QtMoc Include="..\..\common-src\log\log_styles_model.h">
      <Filter>Header Files</Filter>
    </QtMoc>
    <QtMoc Include="..\..\common-src\log\styled_log_view.h">
      <Filter>Header Files</Filter>
    </QtMoc>
    <QtMoc Include="..\..\common-src\log\styled_log_view_settings_dialog.h">
      <Filter>Header Files</Filter>
    </QtMoc>
    <QtMoc Include="..\..\common-src\log\vs_editor_log.h">
      <Filter>Header Files</Filter>
    </QtMoc>
    <QtMoc Include="..\..\common-src\jobs\job.h">
      <Filter>Header Files</Filter>
    </QtMoc>
    <QtMoc Include="..\..\common-src\frame_header_writers\frame_header_writer.h">
      <Filter>Header Files</Filter>
    </QtMoc>
    <QtMoc Include="..\..\common-src\frame_header_writers\frame_header_writer_null.h">
      <Filter>Header Files</Filter>
    </QtMoc>
    <QtMoc Include="..\..\common-src\frame_header_writers\frame_header_writer_y4m.h">
      <Filter>Header Files</Filter>
    </QtMoc>
  </ItemGroup>
  <ItemGroup>
    <ClInclude Include="..\..\vsedit\src\vapoursynth\vs_plugin_data.h">
      <Filter>Header Files</Filter>
    </ClInclude>
    <ClInclude Include="..\..\vsedit\src\script_editor\number_matcher.h">
      <Filter>Header Files</Filter>
    </ClInclude>
    <ClInclude Include="..\..\vsedit\src\preview\zoom_ratio_spinbox.h">
      <Filter>Header Files</Filter>
    </ClInclude>
    <ClInclude Include="..\..\vsedit\src\preview\scroll_navigator.h">
      <Filter>Header Files</Filter>
    </ClInclude>
    <ClInclude Include="..\..\common-src\helpers.h">
      <Filter>Header Files</Filter>
    </ClInclude>
    <ClInclude Include="..\..\common-src\helpers_vs.h">
      <Filter>Header Files</Filter>
    </ClInclude>
    <ClInclude Include="..\..\common-src\version_info.h">
      <Filter>Header Files</Filter>
    </ClInclude>
    <ClInclude Include="..\..\common-src\win32_console.h">
      <Filter>Header Files</Filter>
    </ClInclude>
    <ClInclude Include="..\..\common-src\chrono.h">
      <Filter>Header Files</Filter>
    </ClInclude>
    <ClInclude Include="..\..\common-src\vapoursynth\vs_pack_rgb.h">
      <Filter>Header Files</Filter>
    </ClInclude>
    <ClInclude Include="..\..\common-src\vapoursynth\vs_script_processor_structures.h">
      <Filter>Header Files</Filter>
    </ClInclude>
    <ClInclude Include="..\..\common-src\vapoursynth\vs_set_matrix.h">
      <Filter>Header Files</Filter>
    </ClInclude>
    <ClInclude Include="..\..\common-src\settings\settings_definitions.h">
      <Filter>Header Files</Filter>
    </ClInclude>
    <ClInclude Include="..\..\common-src\settings\settings_manager.h">
      <Filter>Header Files</Filter>
    </ClInclude>
    <ClInclude Include="..\..\common-src\settings\settings_manager_core.h">
      <Filter>Header Files</Filter>
    </ClInclude>
    <ClInclude Include="..\..\common-src\log\styled_log_view_core.h">
      <Filter>Header Files</Filter>
    </ClInclude>
    <ClInclude Include="..\..\common-src\log\styled_log_view_structures.h">
      <Filter>Header Files</Filter>
    </ClInclude>
    <ClInclude Include="..\..\common-src\log\vs_editor_log_definitions.h">
      <Filter>Header Files</Filter>
    </ClInclude>
    <ClInclude Include="..\..\common-src\jobs\job_variables.h">
      <Filter>Header Files</Filter>
    </ClInclude>
    <ClInclude Include="..\..\common-src\settings\settings_definitions_core.h">
      <Filter>Header Files</Filter>
    </ClInclude>
  </ItemGroup>
  <ItemGroup>
    <ClCompile Include="..\..\vsedit\src\vapoursynth\vs_script_processor_dialog.cpp">
      <Filter>Source Files</Filter>
    </ClCompile>
    <ClCompile Include="..\..\vsedit\src\vapoursynth\vs_plugin_data.cpp">
      <Filter>Source Files</Filter>
    </ClCompile>
    <ClCompile Include="..\..\vsedit\src\vapoursynth\vapoursynth_plugins_manager.cpp">
      <Filter>Source Files</Filter>
    </ClCompile>
    <ClCompile Include="..\..\vsedit\src\settings\theme_elements_model.cpp">
      <Filter>Source Files</Filter>
    </ClCompile>
    <ClCompile Include="..\..\vsedit\src\settings\settings_dialog.cpp">
      <Filter>Source Files</Filter>
    </ClCompile>
    <ClCompile Include="..\..\vsedit\src\settings\actions_hotkey_edit_model.cpp">
      <Filter>Source Files</Filter>
    </ClCompile>
    <ClCompile Include="..\..\vsedit\src\settings\clearable_key_sequence_editor.cpp">
      <Filter>Source Files</Filter>
    </ClCompile>
    <ClCompile Include="..\..\vsedit\src\settings\item_delegate_for_hotkey.cpp">
      <Filter>Source Files</Filter>
    </ClCompile>
    <ClCompile Include="..\..\vsedit\src\script_templates\templates_dialog.cpp">
      <Filter>Source Files</Filter>
    </ClCompile>
    <ClCompile Include="..\..\vsedit\src\script_templates\drop_file_category_model.cpp">
      <Filter>Source Files</Filter>
    </ClCompile>
    <ClCompile Include="..\..\vsedit\src\script_status_bar_widget\script_status_bar_widget.cpp">
      <Filter>Source Files</Filter>
    </ClCompile>
    <ClCompile Include="..\..\vsedit\src\script_editor\script_editor.cpp">
      <Filter>Source Files</Filter>
    </ClCompile>
    <ClCompile Include="..\..\vsedit\src\script_editor\syntax_highlighter.cpp">
      <Filter>Source Files</Filter>
    </ClCompile>
    <ClCompile Include="..\..\vsedit\src\script_editor\number_matcher.cpp">
      <Filter>Source Files</Filter>
    </ClCompile>
    <ClCompile Include="..\..\vsedit\src\script_editor\script_completer.cpp">
      <Filter>Source Files</Filter>
    </ClCompile>
    <ClCompile Include="..\..\vsedit\src\script_editor\script_completer_model.cpp">
      <Filter>Source Files</Filter>
    </ClCompile>
    <ClCompile Include="..\..\vsedit\src\preview\scroll_navigator.cpp">
      <Filter>Source Files</Filter>
    </ClCompile>
    <ClCompile Include="..\..\vsedit\src\preview\zoom_ratio_spinbox.cpp">
      <Filter>Source Files</Filter>
    </ClCompile>
    <ClCompile Include="..\..\vsedit\src\preview\preview_dialog.cpp">
      <Filter>Source Files</Filter>
    </ClCompile>
    <ClCompile Include="..\..\vsedit\src\preview\preview_area.cpp">
      <Filter>Source Files</Filter>
    </ClCompile>
    <ClCompile Include="..\..\vsedit\src\preview\preview_advanced_settings_dialog.cpp">
      <Filter>Source Files</Filter>
    </ClCompile>
    <ClCompile Include="..\..\vsedit\src\main_window.cpp">
      <Filter>Source Files</Filter>
    </ClCompile>
    <ClCompile Include="..\..\vsedit\src\main.cpp">
      <Filter>Source Files</Filter>
    </ClCompile>
    <ClCompile Include="..\..\vsedit\src\job_server_watcher_socket.cpp">
      <Filter>Source Files</Filter>
    </ClCompile>
    <ClCompile Include="..\..\vsedit\src\frame_consumers\encode_dialog.cpp">
      <Filter>Source Files</Filter>
    </ClCompile>
    <ClCompile Include="..\..\vsedit\src\frame_consumers\benchmark_dialog.cpp">
      <Filter>Source Files</Filter>
    </ClCompile>
    <ClCompile Include="..\..\common-src\helpers.cpp">
      <Filter>Source Files</Filter>
    </ClCompile>
    <ClCompile Include="..\..\common-src\version_info.cpp">
      <Filter>Source Files</Filter>
    </ClCompile>
    <ClCompile Include="..\..\common-src\win32_console.cpp">
      <Filter>Source Files</Filter>
    </ClCompile>
    <ClCompile Include="..\..\common-src\vapoursynth\vs_set_matrix.cpp">
      <Filter>Source Files</Filter>
    </ClCompile>
    <ClCompile Include="..\..\common-src\vapoursynth\vapoursynth_script_processor.cpp">
      <Filter>Source Files</Filter>
    </ClCompile>
    <ClCompile Include="..\..\common-src\vapoursynth\vs_pack_rgb.cpp">
      <Filter>Source Files</Filter>
    </ClCompile>
    <ClCompile Include="..\..\common-src\vapoursynth\vs_script_library.cpp">
      <Filter>Source Files</Filter>
    </ClCompile>
    <ClCompile Include="..\..\common-src\vapoursynth\vs_script_processor_structures.cpp">
      <Filter>Source Files</Filter>
    </ClCompile>
    <ClCompile Include="..\..\common-src\timeline_slider\timeline_slider.cpp">
      <Filter>Source Files</Filter>
    </ClCompile>
    <ClCompile Include="..\..\common-src\settings\settings_manager_core.cpp">
      <Filter>Source Files</Filter>
    </ClCompile>
    <ClCompile Include="..\..\common-src\settings\settings_definitions.cpp">
      <Filter>Source Files</Filter>
    </ClCompile>
    <ClCompile Include="..\..\common-src\settings\settings_definitions_core.cpp">
      <Filter>Source Files</Filter>
    </ClCompile>
    <ClCompile Include="..\..\common-src\settings\settings_manager.cpp">
      <Filter>Source Files</Filter>
    </ClCompile>
    <ClCompile Include="..\..\common-src\log\log_styles_model.cpp">
      <Filter>Source Files</Filter>
    </ClCompile>
    <ClCompile Include="..\..\common-src\log\styled_log_view.cpp">
      <Filter>Source Files</Filter>
    </ClCompile>
    <ClCompile Include="..\..\common-src\log\styled_log_view_core.cpp">
      <Filter>Source Files</Filter>
    </ClCompile>
    <ClCompile Include="..\..\common-src\log\styled_log_view_settings_dialog.cpp">
      <Filter>Source Files</Filter>
    </ClCompile>
    <ClCompile Include="..\..\common-src\log\styled_log_view_structures.cpp">
      <Filter>Source Files</Filter>
    </ClCompile>
    <ClCompile Include="..\..\common-src\log\vs_editor_log.cpp">
      <Filter>Source Files</Filter>
    </ClCompile>
    <ClCompile Include="..\..\common-src\log\vs_editor_log_definitions.cpp">
      <Filter>Source Files</Filter>
    </ClCompile>
    <ClCompile Include="..\..\common-src\jobs\job.cpp">
      <Filter>Source Files</Filter>
    </ClCompile>
    <ClCompile Include="..\..\common-src\jobs\job_variables.cpp">
      <Filter>Source Files</Filter>
    </ClCompile>
    <ClCompile Include="..\..\common-src\frame_header_writers\frame_header_writer.cpp">
      <Filter>Source Files</Filter>
    </ClCompile>
    <ClCompile Include="..\..\common-src\frame_header_writers\frame_header_writer_null.cpp">
      <Filter>Source Files</Filter>
    </ClCompile>
    <ClCompile Include="..\..\common-src\frame_header_writers\frame_header_writer_y4m.cpp">
      <Filter>Source Files</Filter>
    </ClCompile>
  </ItemGroup>
  <ItemGroup>
    <QtRcc Include="..\..\resources\vsedit.qrc">
      <Filter>Resource Files</Filter>
    </QtRcc>
    <QtRcc Include="..\..\resources\dark\style.qrc">
      <Filter>Resource Files</Filter>
    </QtRcc>
  </ItemGroup>
</Project>